
Microsoft Visual Studio Solution File, Format Version 12.00
# Visual Studio 15
VisualStudioVersion = 15.0.27428.2005
MinimumVisualStudioVersion = 10.0.40219.1
Project("{FAE04EC0-301F-11D3-BF4B-00C04F79EFBC}") = "GreenLightSharp", "GreenLightSharp\GreenLightSharp.csproj", "{EFC27D78-FB7C-4277-AABB-174C95476A71}"
EndProject
Project("{FAE04EC0-301F-11D3-BF4B-00C04F79EFBC}") = "GreenLightSharpTests", "GreenLightSharpTests\GreenLightSharpTests.csproj", "{6581CDE5-719F-48AD-8EB4-B1BA64228E9F}"
EndProject
Global
	GlobalSection(SolutionConfigurationPlatforms) = preSolution
		Debug|Any CPU = Debug|Any CPU
		Release|Any CPU = Release|Any CPU
	EndGlobalSection
	GlobalSection(ProjectConfigurationPlatforms) = postSolution
		{EFC27D78-FB7C-4277-AABB-174C95476A71}.Debug|Any CPU.ActiveCfg = Debug|Any CPU
		{EFC27D78-FB7C-4277-AABB-174C95476A71}.Debug|Any CPU.Build.0 = Debug|Any CPU
		{EFC27D78-FB7C-4277-AABB-174C95476A71}.Release|Any CPU.ActiveCfg = Release|Any CPU
		{EFC27D78-FB7C-4277-AABB-174C95476A71}.Release|Any CPU.Build.0 = Release|Any CPU
		{6581CDE5-719F-48AD-8EB4-B1BA64228E9F}.Debug|Any CPU.ActiveCfg = Debug|Any CPU
		{6581CDE5-719F-48AD-8EB4-B1BA64228E9F}.Debug|Any CPU.Build.0 = Debug|Any CPU
		{6581CDE5-719F-48AD-8EB4-B1BA64228E9F}.Release|Any CPU.ActiveCfg = Release|Any CPU
		{6581CDE5-719F-48AD-8EB4-B1BA64228E9F}.Release|Any CPU.Build.0 = Release|Any CPU
	EndGlobalSection
	GlobalSection(SolutionProperties) = preSolution
		HideSolutionNode = FALSE
	EndGlobalSection
	GlobalSection(ExtensibilityGlobals) = postSolution
		SolutionGuid = {0E619F2A-F1C0-4277-9325-7E1EE2161B23}
	EndGlobalSection
EndGlobal
